
Microsoft Visual Studio Solution File, Format Version 12.00
# Visual Studio Version 17
VisualStudioVersion = 17.9.34723.18
MinimumVisualStudioVersion = 10.0.40219.1
Project("{FAE04EC0-301F-11D3-BF4B-00C04F79EFBC}") = "CIT_Web", "CIT_Web\CIT_Web.csproj", "{F23C9A54-BC0E-4CC3-BD58-4E5801BF84C2}"
EndProject
Project("{FAE04EC0-301F-11D3-BF4B-00C04F79EFBC}") = "CIT_Utility", "CIT_Utility\CIT_Utility.csproj", "{93CD1AFE-9CDB-405C-9F75-BEC39FC8C9FB}"
EndProject
Global
	GlobalSection(SolutionConfigurationPlatforms) = preSolution
		Debug|Any CPU = Debug|Any CPU
		Release|Any CPU = Release|Any CPU
	EndGlobalSection
	GlobalSection(ProjectConfigurationPlatforms) = postSolution
		{F23C9A54-BC0E-4CC3-BD58-4E5801BF84C2}.Debug|Any CPU.ActiveCfg = Debug|Any CPU
		{F23C9A54-BC0E-4CC3-BD58-4E5801BF84C2}.Debug|Any CPU.Build.0 = Debug|Any CPU
		{F23C9A54-BC0E-4CC3-BD58-4E5801BF84C2}.Release|Any CPU.ActiveCfg = Release|Any CPU
		{F23C9A54-BC0E-4CC3-BD58-4E5801BF84C2}.Release|Any CPU.Build.0 = Release|Any CPU
		{93CD1AFE-9CDB-405C-9F75-BEC39FC8C9FB}.Debug|Any CPU.ActiveCfg = Debug|Any CPU
		{93CD1AFE-9CDB-405C-9F75-BEC39FC8C9FB}.Debug|Any CPU.Build.0 = Debug|Any CPU
		{93CD1AFE-9CDB-405C-9F75-BEC39FC8C9FB}.Release|Any CPU.ActiveCfg = Release|Any CPU
		{93CD1AFE-9CDB-405C-9F75-BEC39FC8C9FB}.Release|Any CPU.Build.0 = Release|Any CPU
	EndGlobalSection
	GlobalSection(SolutionProperties) = preSolution
		HideSolutionNode = FALSE
	EndGlobalSection
	GlobalSection(ExtensibilityGlobals) = postSolution
		SolutionGuid = {F8278261-6418-48B4-A6FC-1066A6BE8FCE}
	EndGlobalSection
EndGlobal
